
Microsoft Visual Studio Solution File, Format Version 12.00
# Visual Studio 15
VisualStudioVersion = 15.0.27004.2002
MinimumVisualStudioVersion = 10.0.40219.1
Project("{FAE04EC0-301F-11D3-BF4B-00C04F79EFBC}") = "FuzzyLogic", "FuzzyLogic\FuzzyLogic.csproj", "{32683B84-4A85-4454-8A8F-D4ACB96CE899}"
EndProject
Project("{FAE04EC0-301F-11D3-BF4B-00C04F79EFBC}") = "FuzzyLogic.Tests", "FuzzyLogic.Tests\FuzzyLogic.Tests.csproj", "{026756A3-12B6-43A1-A436-23561AEA902D}"
EndProject
Global
	GlobalSection(SolutionConfigurationPlatforms) = preSolution
		Debug|Any CPU = Debug|Any CPU
		Release|Any CPU = Release|Any CPU
	EndGlobalSection
	GlobalSection(ProjectConfigurationPlatforms) = postSolution
		{32683B84-4A85-4454-8A8F-D4ACB96CE899}.Debug|Any CPU.ActiveCfg = Debug|Any CPU
		{32683B84-4A85-4454-8A8F-D4ACB96CE899}.Debug|Any CPU.Build.0 = Debug|Any CPU
		{32683B84-4A85-4454-8A8F-D4ACB96CE899}.Release|Any CPU.ActiveCfg = Release|Any CPU
		{32683B84-4A85-4454-8A8F-D4ACB96CE899}.Release|Any CPU.Build.0 = Release|Any CPU
		{026756A3-12B6-43A1-A436-23561AEA902D}.Debug|Any CPU.ActiveCfg = Debug|Any CPU
		{026756A3-12B6-43A1-A436-23561AEA902D}.Debug|Any CPU.Build.0 = Debug|Any CPU
		{026756A3-12B6-43A1-A436-23561AEA902D}.Release|Any CPU.ActiveCfg = Release|Any CPU
		{026756A3-12B6-43A1-A436-23561AEA902D}.Release|Any CPU.Build.0 = Release|Any CPU
	EndGlobalSection
	GlobalSection(SolutionProperties) = preSolution
		HideSolutionNode = FALSE
	EndGlobalSection
	GlobalSection(ExtensibilityGlobals) = postSolution
		SolutionGuid = {3D68FB7E-178F-452F-ABE3-CA96370B8DA3}
	EndGlobalSection
EndGlobal
